
Microsoft Visual Studio Solution File, Format Version 12.00
# Visual Studio 15
VisualStudioVersion = 15.0.28010.2003
MinimumVisualStudioVersion = 10.0.40219.1
Project("{FAE04EC0-301F-11D3-BF4B-00C04F79EFBC}") = "Basic1.1", "Basic1.1\Basic1.1.csproj", "{F6DDA0D9-BB98-46EC-862F-D30584F4B5FB}"
EndProject
Project("{FAE04EC0-301F-11D3-BF4B-00C04F79EFBC}") = "2AP2", "2AP2\2AP2.csproj", "{3F47FE97-E449-469E-BC37-EF0B9865E734}"
EndProject
Project("{FAE04EC0-301F-11D3-BF4B-00C04F79EFBC}") = "2AP3", "2AP3\2AP3.csproj", "{47B3ED0B-19F9-4A40-AC90-5B4AF3D52E5D}"
EndProject
Project("{FAE04EC0-301F-11D3-BF4B-00C04F79EFBC}") = "2AP4", "2AP4\2AP4.csproj", "{44328674-D862-4EDF-9565-CB2D1F4AF009}"
EndProject
Global
	GlobalSection(SolutionConfigurationPlatforms) = preSolution
		Debug|Any CPU = Debug|Any CPU
		Release|Any CPU = Release|Any CPU
	EndGlobalSection
	GlobalSection(ProjectConfigurationPlatforms) = postSolution
		{F6DDA0D9-BB98-46EC-862F-D30584F4B5FB}.Debug|Any CPU.ActiveCfg = Debug|Any CPU
		{F6DDA0D9-BB98-46EC-862F-D30584F4B5FB}.Debug|Any CPU.Build.0 = Debug|Any CPU
		{F6DDA0D9-BB98-46EC-862F-D30584F4B5FB}.Release|Any CPU.ActiveCfg = Release|Any CPU
		{F6DDA0D9-BB98-46EC-862F-D30584F4B5FB}.Release|Any CPU.Build.0 = Release|Any CPU
		{3F47FE97-E449-469E-BC37-EF0B9865E734}.Debug|Any CPU.ActiveCfg = Debug|Any CPU
		{3F47FE97-E449-469E-BC37-EF0B9865E734}.Debug|Any CPU.Build.0 = Debug|Any CPU
		{3F47FE97-E449-469E-BC37-EF0B9865E734}.Release|Any CPU.ActiveCfg = Release|Any CPU
		{3F47FE97-E449-469E-BC37-EF0B9865E734}.Release|Any CPU.Build.0 = Release|Any CPU
		{47B3ED0B-19F9-4A40-AC90-5B4AF3D52E5D}.Debug|Any CPU.ActiveCfg = Debug|Any CPU
		{47B3ED0B-19F9-4A40-AC90-5B4AF3D52E5D}.Debug|Any CPU.Build.0 = Debug|Any CPU
		{47B3ED0B-19F9-4A40-AC90-5B4AF3D52E5D}.Release|Any CPU.ActiveCfg = Release|Any CPU
		{47B3ED0B-19F9-4A40-AC90-5B4AF3D52E5D}.Release|Any CPU.Build.0 = Release|Any CPU
		{44328674-D862-4EDF-9565-CB2D1F4AF009}.Debug|Any CPU.ActiveCfg = Debug|Any CPU
		{44328674-D862-4EDF-9565-CB2D1F4AF009}.Debug|Any CPU.Build.0 = Debug|Any CPU
		{44328674-D862-4EDF-9565-CB2D1F4AF009}.Release|Any CPU.ActiveCfg = Release|Any CPU
		{44328674-D862-4EDF-9565-CB2D1F4AF009}.Release|Any CPU.Build.0 = Release|Any CPU
	EndGlobalSection
	GlobalSection(SolutionProperties) = preSolution
		HideSolutionNode = FALSE
	EndGlobalSection
	GlobalSection(ExtensibilityGlobals) = postSolution
		SolutionGuid = {BAF0DB9C-8C04-400F-9741-51E93E858835}
	EndGlobalSection
EndGlobal
